
Microsoft Visual Studio Solution File, Format Version 12.00
# Visual Studio Version 17
VisualStudioVersion = 17.6.33829.357
MinimumVisualStudioVersion = 10.0.40219.1
Project("{FAE04EC0-301F-11D3-BF4B-00C04F79EFBC}") = "SmartformOcxPreview", "SmartformOcxPreview\SmartformOcxPreview.csproj", "{C4711A7D-9068-407A-9E15-A9B5A0A47398}"
EndProject
Project("{9A19103F-16F7-4668-BE54-9A1E7A4F7556}") = "Interop.SmartFormNETDLL", "Interop.SmartFormNETDLL\Interop.SmartFormNETDLL.csproj", "{AFE079D9-7115-417C-8694-60708064E530}"
EndProject
Project("{9A19103F-16F7-4668-BE54-9A1E7A4F7556}") = "AxInterop.SmartFormNETDLL", "AxInterop.SmartFormNETDLL\AxInterop.SmartFormNETDLL.csproj", "{6C72CB84-360A-46A2-B4AC-2785BE3856E7}"
EndProject
Project("{FAE04EC0-301F-11D3-BF4B-00C04F79EFBC}") = "SmartformOcxLauncher", "SmartformOcxLauncher\SmartformOcxLauncher.csproj", "{EB593FCD-9F58-A922-A1E8-70FBEF5929CF}"
EndProject
Global
	GlobalSection(SolutionConfigurationPlatforms) = preSolution
		Debug|Any CPU = Debug|Any CPU
		Release|Any CPU = Release|Any CPU
	EndGlobalSection
	GlobalSection(ProjectConfigurationPlatforms) = postSolution
		{C4711A7D-9068-407A-9E15-A9B5A0A47398}.Debug|Any CPU.ActiveCfg = Debug|Any CPU
		{C4711A7D-9068-407A-9E15-A9B5A0A47398}.Debug|Any CPU.Build.0 = Debug|Any CPU
		{C4711A7D-9068-407A-9E15-A9B5A0A47398}.Release|Any CPU.ActiveCfg = Release|Any CPU
		{C4711A7D-9068-407A-9E15-A9B5A0A47398}.Release|Any CPU.Build.0 = Release|Any CPU
		{AFE079D9-7115-417C-8694-60708064E530}.Debug|Any CPU.ActiveCfg = Debug|Any CPU
		{AFE079D9-7115-417C-8694-60708064E530}.Debug|Any CPU.Build.0 = Debug|Any CPU
		{AFE079D9-7115-417C-8694-60708064E530}.Release|Any CPU.ActiveCfg = Release|Any CPU
		{AFE079D9-7115-417C-8694-60708064E530}.Release|Any CPU.Build.0 = Release|Any CPU
		{6C72CB84-360A-46A2-B4AC-2785BE3856E7}.Debug|Any CPU.ActiveCfg = Debug|Any CPU
		{6C72CB84-360A-46A2-B4AC-2785BE3856E7}.Debug|Any CPU.Build.0 = Debug|Any CPU
		{6C72CB84-360A-46A2-B4AC-2785BE3856E7}.Release|Any CPU.ActiveCfg = Release|Any CPU
		{6C72CB84-360A-46A2-B4AC-2785BE3856E7}.Release|Any CPU.Build.0 = Release|Any CPU
		{EB593FCD-9F58-A922-A1E8-70FBEF5929CF}.Debug|Any CPU.ActiveCfg = Debug|Any CPU
		{EB593FCD-9F58-A922-A1E8-70FBEF5929CF}.Debug|Any CPU.Build.0 = Debug|Any CPU
		{EB593FCD-9F58-A922-A1E8-70FBEF5929CF}.Release|Any CPU.ActiveCfg = Release|Any CPU
		{EB593FCD-9F58-A922-A1E8-70FBEF5929CF}.Release|Any CPU.Build.0 = Release|Any CPU
	EndGlobalSection
	GlobalSection(SolutionProperties) = preSolution
		HideSolutionNode = FALSE
	EndGlobalSection
	GlobalSection(ExtensibilityGlobals) = postSolution
		SolutionGuid = {D6E49973-999A-4B51-9B03-3CF7B80CCBB4}
	EndGlobalSection
EndGlobal
